
Microsoft Visual Studio Solution File, Format Version 12.00
# Visual Studio 15
VisualStudioVersion = 15.0.28010.2048
MinimumVisualStudioVersion = 10.0.40219.1
Project("{FAE04EC0-301F-11D3-BF4B-00C04F79EFBC}") = "Graham", "Graham.csproj", "{C9D38D09-1D49-4303-9F9F-2B7C29456047}"
EndProject
Global
	GlobalSection(SolutionConfigurationPlatforms) = preSolution
		Debug|Any CPU = Debug|Any CPU
		Release|Any CPU = Release|Any CPU
	EndGlobalSection
	GlobalSection(ProjectConfigurationPlatforms) = postSolution
		{C9D38D09-1D49-4303-9F9F-2B7C29456047}.Debug|Any CPU.ActiveCfg = Debug|Any CPU
		{C9D38D09-1D49-4303-9F9F-2B7C29456047}.Debug|Any CPU.Build.0 = Debug|Any CPU
		{C9D38D09-1D49-4303-9F9F-2B7C29456047}.Release|Any CPU.ActiveCfg = Release|Any CPU
		{C9D38D09-1D49-4303-9F9F-2B7C29456047}.Release|Any CPU.Build.0 = Release|Any CPU
	EndGlobalSection
	GlobalSection(SolutionProperties) = preSolution
		HideSolutionNode = FALSE
	EndGlobalSection
	GlobalSection(ExtensibilityGlobals) = postSolution
		SolutionGuid = {75DA616C-F890-47A6-8B69-D9E2784BF2EE}
	EndGlobalSection
EndGlobal
