
Microsoft Visual Studio Solution File, Format Version 12.00
# Visual Studio 15
VisualStudioVersion = 15.0.27703.2047
MinimumVisualStudioVersion = 10.0.40219.1
Project("{FAE04EC0-301F-11D3-BF4B-00C04F79EFBC}") = "Expr", "Expr\Expr.csproj", "{C9C484F3-8C19-4AFB-9280-ABC0D788F239}"
EndProject
Global
	GlobalSection(SolutionConfigurationPlatforms) = preSolution
		Debug|Any CPU = Debug|Any CPU
		Release|Any CPU = Release|Any CPU
	EndGlobalSection
	GlobalSection(ProjectConfigurationPlatforms) = postSolution
		{C9C484F3-8C19-4AFB-9280-ABC0D788F239}.Debug|Any CPU.ActiveCfg = Debug|Any CPU
		{C9C484F3-8C19-4AFB-9280-ABC0D788F239}.Debug|Any CPU.Build.0 = Debug|Any CPU
		{C9C484F3-8C19-4AFB-9280-ABC0D788F239}.Release|Any CPU.ActiveCfg = Release|Any CPU
		{C9C484F3-8C19-4AFB-9280-ABC0D788F239}.Release|Any CPU.Build.0 = Release|Any CPU
	EndGlobalSection
	GlobalSection(SolutionProperties) = preSolution
		HideSolutionNode = FALSE
	EndGlobalSection
	GlobalSection(ExtensibilityGlobals) = postSolution
		SolutionGuid = {381340CD-4C2F-42CF-8193-B494AEF9F6FD}
	EndGlobalSection
EndGlobal
