
Microsoft Visual Studio Solution File, Format Version 12.00
# Visual Studio 15
VisualStudioVersion = 15.0.27703.2047
MinimumVisualStudioVersion = 10.0.40219.1
Project("{FAE04EC0-301F-11D3-BF4B-00C04F79EFBC}") = "Cord1", "Cord1\Cord1.csproj", "{B7195501-D020-45E0-B032-DD6E8EC781BA}"
EndProject
Global
	GlobalSection(SolutionConfigurationPlatforms) = preSolution
		Debug|Any CPU = Debug|Any CPU
		Release|Any CPU = Release|Any CPU
	EndGlobalSection
	GlobalSection(ProjectConfigurationPlatforms) = postSolution
		{B7195501-D020-45E0-B032-DD6E8EC781BA}.Debug|Any CPU.ActiveCfg = Debug|Any CPU
		{B7195501-D020-45E0-B032-DD6E8EC781BA}.Debug|Any CPU.Build.0 = Debug|Any CPU
		{B7195501-D020-45E0-B032-DD6E8EC781BA}.Release|Any CPU.ActiveCfg = Release|Any CPU
		{B7195501-D020-45E0-B032-DD6E8EC781BA}.Release|Any CPU.Build.0 = Release|Any CPU
	EndGlobalSection
	GlobalSection(SolutionProperties) = preSolution
		HideSolutionNode = FALSE
	EndGlobalSection
	GlobalSection(ExtensibilityGlobals) = postSolution
		SolutionGuid = {E509FA13-E5E0-4620-AFF6-AFA9E9E586E3}
	EndGlobalSection
EndGlobal
